
Microsoft Visual Studio Solution File, Format Version 12.00
# Visual Studio 2013
VisualStudioVersion = 12.0.21005.1
MinimumVisualStudioVersion = 10.0.40219.1
Project("{FAE04EC0-301F-11D3-BF4B-00C04F79EFBC}") = "WebApi", "WebApi\WebApi.csproj", "{7F8EB5D7-9B4C-4DEE-B498-0CEA68C372C3}"
EndProject
Project("{FAE04EC0-301F-11D3-BF4B-00C04F79EFBC}") = "Repository", "..\Repository\Repository.csproj", "{6A4E264C-8AD6-47BE-83C9-6B5D35486E35}"
EndProject
Project("{FAE04EC0-301F-11D3-BF4B-00C04F79EFBC}") = "Domain.Layer", "..\Domain.Layer\Domain.Layer.csproj", "{338CAC39-3A0C-4A7E-8D58-204EE5E94F37}"
EndProject
Project("{FAE04EC0-301F-11D3-BF4B-00C04F79EFBC}") = "Orchastrator", "..\Orchastrator\Orchastrator.csproj", "{FD311516-48D5-48CB-BF7D-F022B450F2FE}"
EndProject
Project("{2150E333-8FDC-42A3-9474-1A3956D46DE8}") = "Tests", "Tests", "{AF5BE71D-D5B6-4CFA-A43F-1A0175AF0138}"
EndProject
Project("{FAE04EC0-301F-11D3-BF4B-00C04F79EFBC}") = "Orchastrator.Test", "..\Tests\Orchastrator.Test\Orchastrator.Test.csproj", "{11460BCC-3204-4692-818F-ACEB693D61A6}"
EndProject
Global
	GlobalSection(SolutionConfigurationPlatforms) = preSolution
		Debug|Any CPU = Debug|Any CPU
		Release|Any CPU = Release|Any CPU
	EndGlobalSection
	GlobalSection(ProjectConfigurationPlatforms) = postSolution
		{7F8EB5D7-9B4C-4DEE-B498-0CEA68C372C3}.Debug|Any CPU.ActiveCfg = Debug|Any CPU
		{7F8EB5D7-9B4C-4DEE-B498-0CEA68C372C3}.Debug|Any CPU.Build.0 = Debug|Any CPU
		{7F8EB5D7-9B4C-4DEE-B498-0CEA68C372C3}.Release|Any CPU.ActiveCfg = Release|Any CPU
		{7F8EB5D7-9B4C-4DEE-B498-0CEA68C372C3}.Release|Any CPU.Build.0 = Release|Any CPU
		{6A4E264C-8AD6-47BE-83C9-6B5D35486E35}.Debug|Any CPU.ActiveCfg = Debug|Any CPU
		{6A4E264C-8AD6-47BE-83C9-6B5D35486E35}.Debug|Any CPU.Build.0 = Debug|Any CPU
		{6A4E264C-8AD6-47BE-83C9-6B5D35486E35}.Release|Any CPU.ActiveCfg = Release|Any CPU
		{6A4E264C-8AD6-47BE-83C9-6B5D35486E35}.Release|Any CPU.Build.0 = Release|Any CPU
		{338CAC39-3A0C-4A7E-8D58-204EE5E94F37}.Debug|Any CPU.ActiveCfg = Debug|Any CPU
		{338CAC39-3A0C-4A7E-8D58-204EE5E94F37}.Debug|Any CPU.Build.0 = Debug|Any CPU
		{338CAC39-3A0C-4A7E-8D58-204EE5E94F37}.Release|Any CPU.ActiveCfg = Release|Any CPU
		{338CAC39-3A0C-4A7E-8D58-204EE5E94F37}.Release|Any CPU.Build.0 = Release|Any CPU
		{FD311516-48D5-48CB-BF7D-F022B450F2FE}.Debug|Any CPU.ActiveCfg = Debug|Any CPU
		{FD311516-48D5-48CB-BF7D-F022B450F2FE}.Debug|Any CPU.Build.0 = Debug|Any CPU
		{FD311516-48D5-48CB-BF7D-F022B450F2FE}.Release|Any CPU.ActiveCfg = Release|Any CPU
		{FD311516-48D5-48CB-BF7D-F022B450F2FE}.Release|Any CPU.Build.0 = Release|Any CPU
		{11460BCC-3204-4692-818F-ACEB693D61A6}.Debug|Any CPU.ActiveCfg = Debug|Any CPU
		{11460BCC-3204-4692-818F-ACEB693D61A6}.Debug|Any CPU.Build.0 = Debug|Any CPU
		{11460BCC-3204-4692-818F-ACEB693D61A6}.Release|Any CPU.ActiveCfg = Release|Any CPU
		{11460BCC-3204-4692-818F-ACEB693D61A6}.Release|Any CPU.Build.0 = Release|Any CPU
	EndGlobalSection
	GlobalSection(SolutionProperties) = preSolution
		HideSolutionNode = FALSE
	EndGlobalSection
	GlobalSection(NestedProjects) = preSolution
		{11460BCC-3204-4692-818F-ACEB693D61A6} = {AF5BE71D-D5B6-4CFA-A43F-1A0175AF0138}
	EndGlobalSection
EndGlobal
